
Microsoft Visual Studio Solution File, Format Version 12.00
# Visual Studio 14
VisualStudioVersion = 14.0.25420.1
MinimumVisualStudioVersion = 10.0.40219.1
Project("{FAE04EC0-301F-11D3-BF4B-00C04F79EFBC}") = "Smart Buildigs Data Simulation", "Smart Buildigs Data Simulation\Smart Buildigs Data Simulation.csproj", "{E14769D4-AF11-4D22-99A4-BB57FFC37578}"
EndProject
Project("{FAE04EC0-301F-11D3-BF4B-00C04F79EFBC}") = "TelemetryServices", "TelemetryServices\TelemetryServices.csproj", "{D574B2D1-6E4B-49E1-9A2F-660F98954C34}"
EndProject
Global
	GlobalSection(SolutionConfigurationPlatforms) = preSolution
		Debug|Any CPU = Debug|Any CPU
		Debug|ARM = Debug|ARM
		Debug|x64 = Debug|x64
		Debug|x86 = Debug|x86
		Release|Any CPU = Release|Any CPU
		Release|ARM = Release|ARM
		Release|x64 = Release|x64
		Release|x86 = Release|x86
	EndGlobalSection
	GlobalSection(ProjectConfigurationPlatforms) = postSolution
		{E14769D4-AF11-4D22-99A4-BB57FFC37578}.Debug|Any CPU.ActiveCfg = Debug|Any CPU
		{E14769D4-AF11-4D22-99A4-BB57FFC37578}.Debug|Any CPU.Build.0 = Debug|Any CPU
		{E14769D4-AF11-4D22-99A4-BB57FFC37578}.Debug|ARM.ActiveCfg = Debug|Any CPU
		{E14769D4-AF11-4D22-99A4-BB57FFC37578}.Debug|ARM.Build.0 = Debug|Any CPU
		{E14769D4-AF11-4D22-99A4-BB57FFC37578}.Debug|x64.ActiveCfg = Debug|Any CPU
		{E14769D4-AF11-4D22-99A4-BB57FFC37578}.Debug|x64.Build.0 = Debug|Any CPU
		{E14769D4-AF11-4D22-99A4-BB57FFC37578}.Debug|x86.ActiveCfg = Debug|Any CPU
		{E14769D4-AF11-4D22-99A4-BB57FFC37578}.Debug|x86.Build.0 = Debug|Any CPU
		{E14769D4-AF11-4D22-99A4-BB57FFC37578}.Release|Any CPU.ActiveCfg = Release|Any CPU
		{E14769D4-AF11-4D22-99A4-BB57FFC37578}.Release|Any CPU.Build.0 = Release|Any CPU
		{E14769D4-AF11-4D22-99A4-BB57FFC37578}.Release|ARM.ActiveCfg = Release|Any CPU
		{E14769D4-AF11-4D22-99A4-BB57FFC37578}.Release|ARM.Build.0 = Release|Any CPU
		{E14769D4-AF11-4D22-99A4-BB57FFC37578}.Release|x64.ActiveCfg = Release|Any CPU
		{E14769D4-AF11-4D22-99A4-BB57FFC37578}.Release|x64.Build.0 = Release|Any CPU
		{E14769D4-AF11-4D22-99A4-BB57FFC37578}.Release|x86.ActiveCfg = Release|Any CPU
		{E14769D4-AF11-4D22-99A4-BB57FFC37578}.Release|x86.Build.0 = Release|Any CPU
		{D574B2D1-6E4B-49E1-9A2F-660F98954C34}.Debug|Any CPU.ActiveCfg = Debug|Any CPU
		{D574B2D1-6E4B-49E1-9A2F-660F98954C34}.Debug|Any CPU.Build.0 = Debug|Any CPU
		{D574B2D1-6E4B-49E1-9A2F-660F98954C34}.Debug|ARM.ActiveCfg = Debug|Any CPU
		{D574B2D1-6E4B-49E1-9A2F-660F98954C34}.Debug|ARM.Build.0 = Debug|Any CPU
		{D574B2D1-6E4B-49E1-9A2F-660F98954C34}.Debug|x64.ActiveCfg = Debug|Any CPU
		{D574B2D1-6E4B-49E1-9A2F-660F98954C34}.Debug|x64.Build.0 = Debug|Any CPU
		{D574B2D1-6E4B-49E1-9A2F-660F98954C34}.Debug|x86.ActiveCfg = Debug|Any CPU
		{D574B2D1-6E4B-49E1-9A2F-660F98954C34}.Debug|x86.Build.0 = Debug|Any CPU
		{D574B2D1-6E4B-49E1-9A2F-660F98954C34}.Release|Any CPU.ActiveCfg = Release|Any CPU
		{D574B2D1-6E4B-49E1-9A2F-660F98954C34}.Release|Any CPU.Build.0 = Release|Any CPU
		{D574B2D1-6E4B-49E1-9A2F-660F98954C34}.Release|ARM.ActiveCfg = Release|Any CPU
		{D574B2D1-6E4B-49E1-9A2F-660F98954C34}.Release|ARM.Build.0 = Release|Any CPU
		{D574B2D1-6E4B-49E1-9A2F-660F98954C34}.Release|x64.ActiveCfg = Release|Any CPU
		{D574B2D1-6E4B-49E1-9A2F-660F98954C34}.Release|x64.Build.0 = Release|Any CPU
		{D574B2D1-6E4B-49E1-9A2F-660F98954C34}.Release|x86.ActiveCfg = Release|Any CPU
		{D574B2D1-6E4B-49E1-9A2F-660F98954C34}.Release|x86.Build.0 = Release|Any CPU
	EndGlobalSection
	GlobalSection(SolutionProperties) = preSolution
		HideSolutionNode = FALSE
	EndGlobalSection
EndGlobal
